
Microsoft Visual Studio Solution File, Format Version 12.00
# Visual Studio Version 17
VisualStudioVersion = 17.13.35913.81 d17.13
MinimumVisualStudioVersion = 10.0.40219.1
Project("{FAE04EC0-301F-11D3-BF4B-00C04F79EFBC}") = "allahindlusekalkulaator", "allahindlusekalkulaator.csproj", "{AE4E9341-08E6-4AE7-B6A6-212D0AFF8323}"
EndProject
Global
	GlobalSection(SolutionConfigurationPlatforms) = preSolution
		Debug|Any CPU = Debug|Any CPU
		Release|Any CPU = Release|Any CPU
	EndGlobalSection
	GlobalSection(ProjectConfigurationPlatforms) = postSolution
		{AE4E9341-08E6-4AE7-B6A6-212D0AFF8323}.Debug|Any CPU.ActiveCfg = Debug|Any CPU
		{AE4E9341-08E6-4AE7-B6A6-212D0AFF8323}.Debug|Any CPU.Build.0 = Debug|Any CPU
		{AE4E9341-08E6-4AE7-B6A6-212D0AFF8323}.Release|Any CPU.ActiveCfg = Release|Any CPU
		{AE4E9341-08E6-4AE7-B6A6-212D0AFF8323}.Release|Any CPU.Build.0 = Release|Any CPU
	EndGlobalSection
	GlobalSection(SolutionProperties) = preSolution
		HideSolutionNode = FALSE
	EndGlobalSection
	GlobalSection(ExtensibilityGlobals) = postSolution
		SolutionGuid = {B407DA1E-19F8-4CE0-A837-E04739ED582E}
	EndGlobalSection
EndGlobal
